# Generated by buf. DO NOT EDIT.
version: v1
deps:
  - remote: buf.build
    owner: bufbuild
    repository: protovalidate
    commit: 63bb56e204954558946a641ef0d68910
    digest: shake256:1ccb2153a5ff5906729567f09f3e5bb6b6de356dc875eb4d12572097b9d6f9ab773b44d88e0a4c2052abca9ca60f3edfea71b1f51bfe5ea25b32a083e8e083b6
